// !$*UTF8*$!
{
	archiveVersion = 1;
	classes = {
	};
	objectVersion = 56;
	objects = {

/* Begin PBXBuildFile section */
		01766AD12A365A2D0017BEC8 /* AppDelegate.swift in Sources */ = {isa = PBXBuildFile; fileRef = 01766AD02A365A2D0017BEC8 /* AppDelegate.swift */; };
		01766AD32A365A2D0017BEC8 /* SceneDelegate.swift in Sources */ = {isa = PBXBuildFile; fileRef = 01766AD22A365A2D0017BEC8 /* SceneDelegate.swift */; };
		01766AD52A365A2D0017BEC8 /* ViewController.swift in Sources */ = {isa = PBXBuildFile; fileRef = 01766AD42A365A2D0017BEC8 /* ViewController.swift */; };
		01766AD82A365A2D0017BEC8 /* Main.storyboard in Resources */ = {isa = PBXBuildFile; fileRef = 01766AD62A365A2D0017BEC8 /* Main.storyboard */; };
		01766ADA2A365A2E0017BEC8 /* Assets.xcassets in Resources */ = {isa = PBXBuildFile; fileRef = 01766AD92A365A2E0017BEC8 /* Assets.xcassets */; };
		01766ADD2A365A2E0017BEC8 /* LaunchScreen.storyboard in Resources */ = {isa = PBXBuildFile; fileRef = 01766ADB2A365A2E0017BEC8 /* LaunchScreen.storyboard */; };
		01766AE82A365A2E0017BEC8 /* TimerAppTests.swift in Sources */ = {isa = PBXBuildFile; fileRef = 01766AE72A365A2E0017BEC8 /* TimerAppTests.swift */; };
		01766AF22A365A2E0017BEC8 /* TimerAppUITests.swift in Sources */ = {isa = PBXBuildFile; fileRef = 01766AF12A365A2E0017BEC8 /* TimerAppUITests.swift */; };
		01766AF42A365A2E0017BEC8 /* TimerAppUITestsLaunchTests.swift in Sources */ = {isa = PBXBuildFile; fileRef = 01766AF32A365A2E0017BEC8 /* TimerAppUITestsLaunchTests.swift */; };
		01766B012A3692810017BEC8 /* cottagecore.mp3 in Resources */ = {isa = PBXBuildFile; fileRef = 01766B002A3692810017BEC8 /* cottagecore.mp3 */; };
/* End PBXBuildFile section */

/* Begin PBXContainerItemProxy section */
		01766AE42A365A2E0017BEC8 /* PBXContainerItemProxy */ = {
			isa = PBXContainerItemProxy;
			containerPortal = 01766AC52A365A2D0017BEC8 /* Project object */;
			proxyType = 1;
			remoteGlobalIDString = 01766ACC2A365A2D0017BEC8;
			remoteInfo = TimerApp;
		};
		01766AEE2A365A2E0017BEC8 /* PBXContainerItemProxy */ = {
			isa = PBXContainerItemProxy;
			containerPortal = 01766AC52A365A2D0017BEC8 /* Project object */;
			proxyType = 1;
			remoteGlobalIDString = 01766ACC2A365A2D0017BEC8;
			remoteInfo = TimerApp;
		};
/* End PBXContainerItemProxy section */

/* Begin PBXFileReference section */
		01766ACD2A365A2D0017BEC8 /* TimerApp.app */ = {isa = PBXFileReference; explicitFileType = wrapper.application; includeInIndex = 0; path = TimerApp.app; sourceTree = BUILT_PRODUCTS_DIR; };
		01766AD02A365A2D0017BEC8 /* AppDelegate.swift */ = {isa = PBXFileReference; lastKnownFileType = sourcecode.swift; path = AppDelegate.swift; sourceTree = "<group>"; };
		01766AD22A365A2D0017BEC8 /* SceneDelegate.swift */ = {isa = PBXFileReference; lastKnownFileType = sourcecode.swift; path = SceneDelegate.swift; sourceTree = "<group>"; };
		01766AD42A365A2D0017BEC8 /* ViewController.swift */ = {isa = PBXFileReference; lastKnownFileType = sourcecode.swift; path = ViewController.swift; sourceTree = "<group>"; };
		01766AD72A365A2D0017BEC8 /* Base */ = {isa = PBXFileReference; lastKnownFileType = file.storyboard; name = Base; path = Base.lproj/Main.storyboard; sourceTree = "<group>"; };
		01766AD92A365A2E0017BEC8 /* Assets.xcassets */ = {isa = PBXFileReference; lastKnownFileType = folder.assetcatalog; path = Assets.xcassets; sourceTree = "<group>"; };
		01766ADC2A365A2E0017BEC8 /* Base */ = {isa = PBXFileReference; lastKnownFileType = file.storyboard; name = Base; path = Base.lproj/LaunchScreen.storyboard; sourceTree = "<group>"; };
		01766ADE2A365A2E0017BEC8 /* Info.plist */ = {isa = PBXFileReference; lastKnownFileType = text.plist.xml; path = Info.plist; sourceTree = "<group>"; };
		01766AE32A365A2E0017BEC8 /* TimerAppTests.xctest */ = {isa = PBXFileReference; explicitFileType = wrapper.cfbundle; includeInIndex = 0; path = TimerAppTests.xctest; sourceTree = BUILT_PRODUCTS_DIR; };
		01766AE72A365A2E0017BEC8 /* TimerAppTests.swift */ = {isa = PBXFileReference; lastKnownFileType = sourcecode.swift; path = TimerAppTests.swift; sourceTree = "<group>"; };
		01766AED2A365A2E0017BEC8 /* TimerAppUITests.xctest */ = {isa = PBXFileReference; explicitFileType = wrapper.cfbundle; includeInIndex = 0; path = TimerAppUITests.xctest; sourceTree = BUILT_PRODUCTS_DIR; };
		01766AF12A365A2E0017BEC8 /* TimerAppUITests.swift */ = {isa = PBXFileReference; lastKnownFileType = sourcecode.swift; path = TimerAppUITests.swift; sourceTree = "<group>"; };
		01766AF32A365A2E0017BEC8 /* TimerAppUITestsLaunchTests.swift */ = {isa = PBXFileReference; lastKnownFileType = sourcecode.swift; path = TimerAppUITestsLaunchTests.swift; sourceTree = "<group>"; };
		01766B002A3692810017BEC8 /* cottagecore.mp3 */ = {isa = PBXFileReference; lastKnownFileType = audio.mp3; path = cottagecore.mp3; sourceTree = "<group>"; };
/* End PBXFileReference section */

/* Begin PBXFrameworksBuildPhase section */
		01766ACA2A365A2D0017BEC8 /* Frameworks */ = {
			isa = PBXFrameworksBuildPhase;
			buildActionMask = 2147483647;
			files = (
			);
			runOnlyForDeploymentPostprocessing = 0;
		};
		01766AE02A365A2E0017BEC8 /* Frameworks */ = {
			isa = PBXFrameworksBuildPhase;
			buildActionMask = 2147483647;
			files = (
			);
			runOnlyForDeploymentPostprocessing = 0;
		};
		01766AEA2A365A2E0017BEC8 /* Frameworks */ = {
			isa = PBXFrameworksBuildPhase;
			buildActionMask = 2147483647;
			files = (
			);
			runOnlyForDeploymentPostprocessing = 0;
		};
/* End PBXFrameworksBuildPhase section */

/* Begin PBXGroup section */
		01766AC42A365A2D0017BEC8 = {
			isa = PBXGroup;
			children = (
				01766B002A3692810017BEC8 /* cottagecore.mp3 */,
				01766ACF2A365A2D0017BEC8 /* TimerApp */,
				01766AE62A365A2E0017BEC8 /* TimerAppTests */,
				01766AF02A365A2E0017BEC8 /* TimerAppUITests */,
				01766ACE2A365A2D0017BEC8 /* Products */,
			);
			sourceTree = "<group>";
		};
		01766ACE2A365A2D0017BEC8 /* Products */ = {
			isa = PBXGroup;
			children = (
				01766ACD2A365A2D0017BEC8 /* TimerApp.app */,
				01766AE32A365A2E0017BEC8 /* TimerAppTests.xctest */,
				01766AED2A365A2E0017BEC8 /* TimerAppUITests.xctest */,
			);
			name = Products;
			sourceTree = "<group>";
		};
		01766ACF2A365A2D0017BEC8 /* TimerApp */ = {
			isa = PBXGroup;
			children = (
				01766AD02A365A2D0017BEC8 /* AppDelegate.swift */,
				01766AD22A365A2D0017BEC8 /* SceneDelegate.swift */,
				01766AD42A365A2D0017BEC8 /* ViewController.swift */,
				01766AD62A365A2D0017BEC8 /* Main.storyboard */,
				01766AD92A365A2E0017BEC8 /* Assets.xcassets */,
				01766ADB2A365A2E0017BEC8 /* LaunchScreen.storyboard */,
				01766ADE2A365A2E0017BEC8 /* Info.plist */,
			);
			path = TimerApp;
			sourceTree = "<group>";
		};
		01766AE62A365A2E0017BEC8 /* TimerAppTests */ = {
			isa = PBXGroup;
			children = (
				01766AE72A365A2E0017BEC8 /* TimerAppTests.swift */,
			);
			path = TimerAppTests;
			sourceTree = "<group>";
		};
		01766AF02A365A2E0017BEC8 /* TimerAppUITests */ = {
			isa = PBXGroup;
			children = (
				01766AF12A365A2E0017BEC8 /* TimerAppUITests.swift */,
				01766AF32A365A2E0017BEC8 /* TimerAppUITestsLaunchTests.swift */,
			);
			path = TimerAppUITests;
			sourceTree = "<group>";
		};
/* End PBXGroup section */

/* Begin PBXNativeTarget section */
		01766ACC2A365A2D0017BEC8 /* TimerApp */ = {
			isa = PBXNativeTarget;
			buildConfigurationList = 01766AF72A365A2E0017BEC8 /* Build configuration list for PBXNativeTarget "TimerApp" */;
			buildPhases = (
				01766AC92A365A2D0017BEC8 /* Sources */,
				01766ACA2A365A2D0017BEC8 /* Frameworks */,
				01766ACB2A365A2D0017BEC8 /* Resources */,
			);
			buildRules = (
			);
			dependencies = (
			);
			name = TimerApp;
			productName = TimerApp;
			productReference = 01766ACD2A365A2D0017BEC8 /* TimerApp.app */;
			productType = "com.apple.product-type.application";
		};
		01766AE22A365A2E0017BEC8 /* TimerAppTests */ = {
			isa = PBXNativeTarget;
			buildConfigurationList = 01766AFA2A365A2E0017BEC8 /* Build configuration list for PBXNativeTarget "TimerAppTests" */;
			buildPhases = (
				01766ADF2A365A2E0017BEC8 /* Sources */,
				01766AE02A365A2E0017BEC8 /* Frameworks */,
				01766AE12A365A2E0017BEC8 /* Resources */,
			);
			buildRules = (
			);
			dependencies = (
				01766AE52A365A2E0017BEC8 /* PBXTargetDependency */,
			);
			name = TimerAppTests;
			productName = TimerAppTests;
			productReference = 01766AE32A365A2E0017BEC8 /* TimerAppTests.xctest */;
			productType = "com.apple.product-type.bundle.unit-test";
		};
		01766AEC2A365A2E0017BEC8 /* TimerAppUITests */ = {
			isa = PBXNativeTarget;
			buildConfigurationList = 01766AFD2A365A2E0017BEC8 /* Build configuration list for PBXNativeTarget "TimerAppUITests" */;
			buildPhases = (
				01766AE92A365A2E0017BEC8 /* Sources */,
				01766AEA2A365A2E0017BEC8 /* Frameworks */,
				01766AEB2A365A2E0017BEC8 /* Resources */,
			);
			buildRules = (
			);
			dependencies = (
				01766AEF2A365A2E0017BEC8 /* PBXTargetDependency */,
			);
			name = TimerAppUITests;
			productName = TimerAppUITests;
			productReference = 01766AED2A365A2E0017BEC8 /* TimerAppUITests.xctest */;
			productType = "com.apple.product-type.bundle.ui-testing";
		};
/* End PBXNativeTarget section */

/* Begin PBXProject section */
		01766AC52A365A2D0017BEC8 /* Project object */ = {
			isa = PBXProject;
			attributes = {
				BuildIndependentTargetsInParallel = 1;
				LastSwiftUpdateCheck = 1430;
				LastUpgradeCheck = 1430;
				TargetAttributes = {
					01766ACC2A365A2D0017BEC8 = {
						CreatedOnToolsVersion = 14.3.1;
					};
					01766AE22A365A2E0017BEC8 = {
						CreatedOnToolsVersion = 14.3.1;
						TestTargetID = 01766ACC2A365A2D0017BEC8;
					};
					01766AEC2A365A2E0017BEC8 = {
						CreatedOnToolsVersion = 14.3.1;
						TestTargetID = 01766ACC2A365A2D0017BEC8;
					};
				};
			};
			buildConfigurationList = 01766AC82A365A2D0017BEC8 /* Build configuration list for PBXProject "TimerApp" */;
			compatibilityVersion = "Xcode 14.0";
			developmentRegion = en;
			hasScannedForEncodings = 0;
			knownRegions = (
				en,
				Base,
			);
			mainGroup = 01766AC42A365A2D0017BEC8;
			productRefGroup = 01766ACE2A365A2D0017BEC8 /* Products */;
			projectDirPath = "";
			projectRoot = "";
			targets = (
				01766ACC2A365A2D0017BEC8 /* TimerApp */,
				01766AE22A365A2E0017BEC8 /* TimerAppTests */,
				01766AEC2A365A2E0017BEC8 /* TimerAppUITests */,
			);
		};
/* End PBXProject section */

/* Begin PBXResourcesBuildPhase section */
		01766ACB2A365A2D0017BEC8 /* Resources */ = {
			isa = PBXResourcesBuildPhase;
			buildActionMask = 2147483647;
			files = (
				01766B012A3692810017BEC8 /* cottagecore.mp3 in Resources */,
				01766ADD2A365A2E0017BEC8 /* LaunchScreen.storyboard in Resources */,
				01766ADA2A365A2E0017BEC8 /* Assets.xcassets in Resources */,
				01766AD82A365A2D0017BEC8 /* Main.storyboard in Resources */,
			);
			runOnlyForDeploymentPostprocessing = 0;
		};
		01766AE12A365A2E0017BEC8 /* Resources */ = {
			isa = PBXResourcesBuildPhase;
			buildActionMask = 2147483647;
			files = (
			);
			runOnlyForDeploymentPostprocessing = 0;
		};
		01766AEB2A365A2E0017BEC8 /* Resources */ = {
			isa = PBXResourcesBuildPhase;
			buildActionMask = 2147483647;
			files = (
			);
			runOnlyForDeploymentPostprocessing = 0;
		};
/* End PBXResourcesBuildPhase section */

/* Begin PBXSourcesBuildPhase section */
		01766AC92A365A2D0017BEC8 /* Sources */ = {
			isa = PBXSourcesBuildPhase;
			buildActionMask = 2147483647;
			files = (
				01766AD52A365A2D0017BEC8 /* ViewController.swift in Sources */,
				01766AD12A365A2D0017BEC8 /* AppDelegate.swift in Sources */,
				01766AD32A365A2D0017BEC8 /* SceneDelegate.swift in Sources */,
			);
			runOnlyForDeploymentPostprocessing = 0;
		};
		01766ADF2A365A2E0017BEC8 /* Sources */ = {
			isa = PBXSourcesBuildPhase;
			buildActionMask = 2147483647;
			files = (
				01766AE82A365A2E0017BEC8 /* TimerAppTests.swift in Sources */,
			);
			runOnlyForDeploymentPostprocessing = 0;
		};
		01766AE92A365A2E0017BEC8 /* Sources */ = {
			isa = PBXSourcesBuildPhase;
			buildActionMask = 2147483647;
			files = (
				01766AF42A365A2E0017BEC8 /* TimerAppUITestsLaunchTests.swift in Sources */,
				01766AF22A365A2E0017BEC8 /* TimerAppUITests.swift in Sources */,
			);
			runOnlyForDeploymentPostprocessing = 0;
		};
/* End PBXSourcesBuildPhase section */

/* Begin PBXTargetDependency section */
		01766AE52A365A2E0017BEC8 /* PBXTargetDependency */ = {
			isa = PBXTargetDependency;
			target = 01766ACC2A365A2D0017BEC8 /* TimerApp */;
			targetProxy = 01766AE42A365A2E0017BEC8 /* PBXContainerItemProxy */;
		};
		01766AEF2A365A2E0017BEC8 /* PBXTargetDependency */ = {
			isa = PBXTargetDependency;
			target = 01766ACC2A365A2D0017BEC8 /* TimerApp */;
			targetProxy = 01766AEE2A365A2E0017BEC8 /* PBXContainerItemProxy */;
		};
/* End PBXTargetDependency section */

/* Begin PBXVariantGroup section */
		01766AD62A365A2D0017BEC8 /* Main.storyboard */ = {
			isa = PBXVariantGroup;
			children = (
				01766AD72A365A2D0017BEC8 /* Base */,
			);
			name = Main.storyboard;
			sourceTree = "<group>";
		};
		01766ADB2A365A2E0017BEC8 /* LaunchScreen.storyboard */ = {
			isa = PBXVariantGroup;
			children = (
				01766ADC2A365A2E0017BEC8 /* Base */,
			);
			name = LaunchScreen.storyboard;
			sourceTree = "<group>";
		};
/* End PBXVariantGroup section */

/* Begin XCBuildConfiguration section */
		01766AF52A365A2E0017BEC8 /* Debug */ = {
			isa = XCBuildConfiguration;
			buildSettings = {
				ALWAYS_SEARCH_USER_PATHS = NO;
				CLANG_ANALYZER_NONNULL = YES;
				CLANG_ANALYZER_NUMBER_OBJECT_CONVERSION = YES_AGGRESSIVE;
				CLANG_CXX_LANGUAGE_STANDARD = "gnu++20";
				CLANG_ENABLE_MODULES = YES;
				CLANG_ENABLE_OBJC_ARC = YES;
				CLANG_ENABLE_OBJC_WEAK = YES;
				CLANG_WARN_BLOCK_CAPTURE_AUTORELEASING = YES;
				CLANG_WARN_BOOL_CONVERSION = YES;
				CLANG_WARN_COMMA = YES;
				CLANG_WARN_CONSTANT_CONVERSION = YES;
				CLANG_WARN_DEPRECATED_OBJC_IMPLEMENTATIONS = YES;
				CLANG_WARN_DIRECT_OBJC_ISA_USAGE = YES_ERROR;
				CLANG_WARN_DOCUMENTATION_COMMENTS = YES;
				CLANG_WARN_EMPTY_BODY = YES;
				CLANG_WARN_ENUM_CONVERSION = YES;
				CLANG_WARN_INFINITE_RECURSION = YES;
				CLANG_WARN_INT_CONVERSION = YES;
				CLANG_WARN_NON_LITERAL_NULL_CONVERSION = YES;
				CLANG_WARN_OBJC_IMPLICIT_RETAIN_SELF = YES;
				CLANG_WARN_OBJC_LITERAL_CONVERSION = YES;
				CLANG_WARN_OBJC_ROOT_CLASS = YES_ERROR;
				CLANG_WARN_QUOTED_INCLUDE_IN_FRAMEWORK_HEADER = YES;
				CLANG_WARN_RANGE_LOOP_ANALYSIS = YES;
				CLANG_WARN_STRICT_PROTOTYPES = YES;
				CLANG_WARN_SUSPICIOUS_MOVE = YES;
				CLANG_WARN_UNGUARDED_AVAILABILITY = YES_AGGRESSIVE;
				CLANG_WARN_UNREACHABLE_CODE = YES;
				CLANG_WARN__DUPLICATE_METHOD_MATCH = YES;
				COPY_PHASE_STRIP = NO;
				DEBUG_INFORMATION_FORMAT = dwarf;
				ENABLE_STRICT_OBJC_MSGSEND = YES;
				ENABLE_TESTABILITY = YES;
				GCC_C_LANGUAGE_STANDARD = gnu11;
				GCC_DYNAMIC_NO_PIC = NO;
				GCC_NO_COMMON_BLOCKS = YES;
				GCC_OPTIMIZATION_LEVEL = 0;
				GCC_PREPROCESSOR_DEFINITIONS = (
					"DEBUG=1",
					"$(inherited)",
				);
				GCC_WARN_64_TO_32_BIT_CONVERSION = YES;
				GCC_WARN_ABOUT_RETURN_TYPE = YES_ERROR;
				GCC_WARN_UNDECLARED_SELECTOR = YES;
				GCC_WARN_UNINITIALIZED_AUTOS = YES_AGGRESSIVE;
				GCC_WARN_UNUSED_FUNCTION = YES;
				GCC_WARN_UNUSED_VARIABLE = YES;
				IPHONEOS_DEPLOYMENT_TARGET = 16.4;
				MTL_ENABLE_DEBUG_INFO = INCLUDE_SOURCE;
				MTL_FAST_MATH = YES;
				ONLY_ACTIVE_ARCH = YES;
				SDKROOT = iphoneos;
				SWIFT_ACTIVE_COMPILATION_CONDITIONS = DEBUG;
				SWIFT_OPTIMIZATION_LEVEL = "-Onone";
			};
			name = Debug;
		};
		01766AF62A365A2E0017BEC8 /* Release */ = {
			isa = XCBuildConfiguration;
			buildSettings = {
				ALWAYS_SEARCH_USER_PATHS = NO;
				CLANG_ANALYZER_NONNULL = YES;
				CLANG_ANALYZER_NUMBER_OBJECT_CONVERSION = YES_AGGRESSIVE;
				CLANG_CXX_LANGUAGE_STANDARD = "gnu++20";
				CLANG_ENABLE_MODULES = YES;
				CLANG_ENABLE_OBJC_ARC = YES;
				CLANG_ENABLE_OBJC_WEAK = YES;
				CLANG_WARN_BLOCK_CAPTURE_AUTORELEASING = YES;
				CLANG_WARN_BOOL_CONVERSION = YES;
				CLANG_WARN_COMMA = YES;
				CLANG_WARN_CONSTANT_CONVERSION = YES;
				CLANG_WARN_DEPRECATED_OBJC_IMPLEMENTATIONS = YES;
				CLANG_WARN_DIRECT_OBJC_ISA_USAGE = YES_ERROR;
				CLANG_WARN_DOCUMENTATION_COMMENTS = YES;
				CLANG_WARN_EMPTY_BODY = YES;
				CLANG_WARN_ENUM_CONVERSION = YES;
				CLANG_WARN_INFINITE_RECURSION = YES;
				CLANG_WARN_INT_CONVERSION = YES;
				CLANG_WARN_NON_LITERAL_NULL_CONVERSION = YES;
				CLANG_WARN_OBJC_IMPLICIT_RETAIN_SELF = YES;
				CLANG_WARN_OBJC_LITERAL_CONVERSION = YES;
				CLANG_WARN_OBJC_ROOT_CLASS = YES_ERROR;
				CLANG_WARN_QUOTED_INCLUDE_IN_FRAMEWORK_HEADER = YES;
				CLANG_WARN_RANGE_LOOP_ANALYSIS = YES;
				CLANG_WARN_STRICT_PROTOTYPES = YES;
				CLANG_WARN_SUSPICIOUS_MOVE = YES;
				CLANG_WARN_UNGUARDED_AVAILABILITY = YES_AGGRESSIVE;
				CLANG_WARN_UNREACHABLE_CODE = YES;
				CLANG_WARN__DUPLICATE_METHOD_MATCH = YES;
				COPY_PHASE_STRIP = NO;
				DEBUG_INFORMATION_FORMAT = "dwarf-with-dsym";
				ENABLE_NS_ASSERTIONS = NO;
				ENABLE_STRICT_OBJC_MSGSEND = YES;
				GCC_C_LANGUAGE_STANDARD = gnu11;
				GCC_NO_COMMON_BLOCKS = YES;
				GCC_WARN_64_TO_32_BIT_CONVERSION = YES;
				GCC_WARN_ABOUT_RETURN_TYPE = YES_ERROR;
				GCC_WARN_UNDECLARED_SELECTOR = YES;
				GCC_WARN_UNINITIALIZED_AUTOS = YES_AGGRESSIVE;
				GCC_WARN_UNUSED_FUNCTION = YES;
				GCC_WARN_UNUSED_VARIABLE = YES;
				IPHONEOS_DEPLOYMENT_TARGET = 16.4;
				MTL_ENABLE_DEBUG_INFO = NO;
				MTL_FAST_MATH = YES;
				SDKROOT = iphoneos;
				SWIFT_COMPILATION_MODE = wholemodule;
				SWIFT_OPTIMIZATION_LEVEL = "-O";
				VALIDATE_PRODUCT = YES;
			};
			name = Release;
		};
		01766AF82A365A2E0017BEC8 /* Debug */ = {
			isa = XCBuildConfiguration;
			buildSettings = {
				ASSETCATALOG_COMPILER_APPICON_NAME = AppIcon;
				ASSETCATALOG_COMPILER_GLOBAL_ACCENT_COLOR_NAME = AccentColor;
				CODE_SIGN_STYLE = Automatic;
				CURRENT_PROJECT_VERSION = 1;
				GENERATE_INFOPLIST_FILE = YES;
				INFOPLIST_FILE = TimerApp/Info.plist;
				INFOPLIST_KEY_UIApplicationSupportsIndirectInputEvents = YES;
				INFOPLIST_KEY_UILaunchStoryboardName = LaunchScreen;
				INFOPLIST_KEY_UIMainStoryboardFile = Main;
				INFOPLIST_KEY_UISupportedInterfaceOrientations_iPad = "UIInterfaceOrientationPortrait UIInterfaceOrientationPortraitUpsideDown UIInterfaceOrientationLandscapeLeft UIInterfaceOrientationLandscapeRight";
				INFOPLIST_KEY_UISupportedInterfaceOrientations_iPhone = "UIInterfaceOrientationPortrait UIInterfaceOrientationLandscapeLeft UIInterfaceOrientationLandscapeRight";
				LD_RUNPATH_SEARCH_PATHS = (
					"$(inherited)",
					"@executable_path/Frameworks",
				);
				MARKETING_VERSION = 1.0;
				PRODUCT_BUNDLE_IDENTIFIER = jackodom.TimerApp;
				PRODUCT_NAME = "$(TARGET_NAME)";
				SWIFT_EMIT_LOC_STRINGS = YES;
				SWIFT_VERSION = 5.0;
				TARGETED_DEVICE_FAMILY = "1,2";
			};
			name = Debug;
		};
		01766AF92A365A2E0017BEC8 /* Release */ = {
			isa = XCBuildConfiguration;
			buildSettings = {
				ASSETCATALOG_COMPILER_APPICON_NAME = AppIcon;
				ASSETCATALOG_COMPILER_GLOBAL_ACCENT_COLOR_NAME = AccentColor;
				CODE_SIGN_STYLE = Automatic;
				CURRENT_PROJECT_VERSION = 1;
				GENERATE_INFOPLIST_FILE = YES;
				INFOPLIST_FILE = TimerApp/Info.plist;
				INFOPLIST_KEY_UIApplicationSupportsIndirectInputEvents = YES;
				INFOPLIST_KEY_UILaunchStoryboardName = LaunchScreen;
				INFOPLIST_KEY_UIMainStoryboardFile = Main;
				INFOPLIST_KEY_UISupportedInterfaceOrientations_iPad = "UIInterfaceOrientationPortrait UIInterfaceOrientationPortraitUpsideDown UIInterfaceOrientationLandscapeLeft UIInterfaceOrientationLandscapeRight";
				INFOPLIST_KEY_UISupportedInterfaceOrientations_iPhone = "UIInterfaceOrientationPortrait UIInterfaceOrientationLandscapeLeft UIInterfaceOrientationLandscapeRight";
				LD_RUNPATH_SEARCH_PATHS = (
					"$(inherited)",
					"@executable_path/Frameworks",
				);
				MARKETING_VERSION = 1.0;
				PRODUCT_BUNDLE_IDENTIFIER = jackodom.TimerApp;
				PRODUCT_NAME = "$(TARGET_NAME)";
				SWIFT_EMIT_LOC_STRINGS = YES;
				SWIFT_VERSION = 5.0;
				TARGETED_DEVICE_FAMILY = "1,2";
			};
			name = Release;
		};
		01766AFB2A365A2E0017BEC8 /* Debug */ = {
			isa = XCBuildConfiguration;
			buildSettings = {
				ALWAYS_EMBED_SWIFT_STANDARD_LIBRARIES = YES;
				BUNDLE_LOADER = "$(TEST_HOST)";
				CODE_SIGN_STYLE = Automatic;
				CURRENT_PROJECT_VERSION = 1;
				GENERATE_INFOPLIST_FILE = YES;
				IPHONEOS_DEPLOYMENT_TARGET = 16.4;
				MARKETING_VERSION = 1.0;
				PRODUCT_BUNDLE_IDENTIFIER = jackodom.TimerAppTests;
				PRODUCT_NAME = "$(TARGET_NAME)";
				SWIFT_EMIT_LOC_STRINGS = NO;
				SWIFT_VERSION = 5.0;
				TARGETED_DEVICE_FAMILY = "1,2";
				TEST_HOST = "$(BUILT_PRODUCTS_DIR)/TimerApp.app/$(BUNDLE_EXECUTABLE_FOLDER_PATH)/TimerApp";
			};
			name = Debug;
		};
		01766AFC2A365A2E0017BEC8 /* Release */ = {
			isa = XCBuildConfiguration;
			buildSettings = {
				ALWAYS_EMBED_SWIFT_STANDARD_LIBRARIES = YES;
				BUNDLE_LOADER = "$(TEST_HOST)";
				CODE_SIGN_STYLE = Automatic;
				CURRENT_PROJECT_VERSION = 1;
				GENERATE_INFOPLIST_FILE = YES;
				IPHONEOS_DEPLOYMENT_TARGET = 16.4;
				MARKETING_VERSION = 1.0;
				PRODUCT_BUNDLE_IDENTIFIER = jackodom.TimerAppTests;
				PRODUCT_NAME = "$(TARGET_NAME)";
				SWIFT_EMIT_LOC_STRINGS = NO;
				SWIFT_VERSION = 5.0;
				TARGETED_DEVICE_FAMILY = "1,2";
				TEST_HOST = "$(BUILT_PRODUCTS_DIR)/TimerApp.app/$(BUNDLE_EXECUTABLE_FOLDER_PATH)/TimerApp";
			};
			name = Release;
		};
		01766AFE2A365A2E0017BEC8 /* Debug */ = {
			isa = XCBuildConfiguration;
			buildSettings = {
				ALWAYS_EMBED_SWIFT_STANDARD_LIBRARIES = YES;
				CODE_SIGN_STYLE = Automatic;
				CURRENT_PROJECT_VERSION = 1;
				GENERATE_INFOPLIST_FILE = YES;
				MARKETING_VERSION = 1.0;
				PRODUCT_BUNDLE_IDENTIFIER = jackodom.TimerAppUITests;
				PRODUCT_NAME = "$(TARGET_NAME)";
				SWIFT_EMIT_LOC_STRINGS = NO;
				SWIFT_VERSION = 5.0;
				TARGETED_DEVICE_FAMILY = "1,2";
				TEST_TARGET_NAME = TimerApp;
			};
			name = Debug;
		};
		01766AFF2A365A2E0017BEC8 /* Release */ = {
			isa = XCBuildConfiguration;
			buildSettings = {
				ALWAYS_EMBED_SWIFT_STANDARD_LIBRARIES = YES;
				CODE_SIGN_STYLE = Automatic;
				CURRENT_PROJECT_VERSION = 1;
				GENERATE_INFOPLIST_FILE = YES;
				MARKETING_VERSION = 1.0;
				PRODUCT_BUNDLE_IDENTIFIER = jackodom.TimerAppUITests;
				PRODUCT_NAME = "$(TARGET_NAME)";
				SWIFT_EMIT_LOC_STRINGS = NO;
				SWIFT_VERSION = 5.0;
				TARGETED_DEVICE_FAMILY = "1,2";
				TEST_TARGET_NAME = TimerApp;
			};
			name = Release;
		};
/* End XCBuildConfiguration section */

/* Begin XCConfigurationList section */
		01766AC82A365A2D0017BEC8 /* Build configuration list for PBXProject "TimerApp" */ = {
			isa = XCConfigurationList;
			buildConfigurations = (
				01766AF52A365A2E0017BEC8 /* Debug */,
				01766AF62A365A2E0017BEC8 /* Release */,
			);
			defaultConfigurationIsVisible = 0;
			defaultConfigurationName = Release;
		};
		01766AF72A365A2E0017BEC8 /* Build configuration list for PBXNativeTarget "TimerApp" */ = {
			isa = XCConfigurationList;
			buildConfigurations = (
				01766AF82A365A2E0017BEC8 /* Debug */,
				01766AF92A365A2E0017BEC8 /* Release */,
			);
			defaultConfigurationIsVisible = 0;
			defaultConfigurationName = Release;
		};
		01766AFA2A365A2E0017BEC8 /* Build configuration list for PBXNativeTarget "TimerAppTests" */ = {
			isa = XCConfigurationList;
			buildConfigurations = (
				01766AFB2A365A2E0017BEC8 /* Debug */,
				01766AFC2A365A2E0017BEC8 /* Release */,
			);
			defaultConfigurationIsVisible = 0;
			defaultConfigurationName = Release;
		};
		01766AFD2A365A2E0017BEC8 /* Build configuration list for PBXNativeTarget "TimerAppUITests" */ = {
			isa = XCConfigurationList;
			buildConfigurations = (
				01766AFE2A365A2E0017BEC8 /* Debug */,
				01766AFF2A365A2E0017BEC8 /* Release */,
			);
			defaultConfigurationIsVisible = 0;
			defaultConfigurationName = Release;
		};
/* End XCConfigurationList section */
	};
	rootObject = 01766AC52A365A2D0017BEC8 /* Project object */;
}
